
Microsoft Visual Studio Solution File, Format Version 12.00
# Visual Studio Version 16
VisualStudioVersion = 16.0.31402.337
MinimumVisualStudioVersion = 10.0.40219.1
Project("{FAE04EC0-301F-11D3-BF4B-00C04F79EFBC}") = "TierApp", "TierApp\TierApp.csproj", "{F4F9F6A7-96A5-4820-AD5F-0DEC82ABFAE6}"
EndProject
Project("{FAE04EC0-301F-11D3-BF4B-00C04F79EFBC}") = "DAL", "DAL\DAL.csproj", "{577382DF-8E29-461C-921B-A92C27713851}"
EndProject
Project("{FAE04EC0-301F-11D3-BF4B-00C04F79EFBC}") = "BLL", "BLL\BLL.csproj", "{63127CA8-DE77-4388-8401-8A084C28DF2E}"
EndProject
Global
	GlobalSection(SolutionConfigurationPlatforms) = preSolution
		Debug|Any CPU = Debug|Any CPU
		Release|Any CPU = Release|Any CPU
	EndGlobalSection
	GlobalSection(ProjectConfigurationPlatforms) = postSolution
		{F4F9F6A7-96A5-4820-AD5F-0DEC82ABFAE6}.Debug|Any CPU.ActiveCfg = Debug|Any CPU
		{F4F9F6A7-96A5-4820-AD5F-0DEC82ABFAE6}.Debug|Any CPU.Build.0 = Debug|Any CPU
		{F4F9F6A7-96A5-4820-AD5F-0DEC82ABFAE6}.Release|Any CPU.ActiveCfg = Release|Any CPU
		{F4F9F6A7-96A5-4820-AD5F-0DEC82ABFAE6}.Release|Any CPU.Build.0 = Release|Any CPU
		{577382DF-8E29-461C-921B-A92C27713851}.Debug|Any CPU.ActiveCfg = Debug|Any CPU
		{577382DF-8E29-461C-921B-A92C27713851}.Debug|Any CPU.Build.0 = Debug|Any CPU
		{577382DF-8E29-461C-921B-A92C27713851}.Release|Any CPU.ActiveCfg = Release|Any CPU
		{577382DF-8E29-461C-921B-A92C27713851}.Release|Any CPU.Build.0 = Release|Any CPU
		{63127CA8-DE77-4388-8401-8A084C28DF2E}.Debug|Any CPU.ActiveCfg = Debug|Any CPU
		{63127CA8-DE77-4388-8401-8A084C28DF2E}.Debug|Any CPU.Build.0 = Debug|Any CPU
		{63127CA8-DE77-4388-8401-8A084C28DF2E}.Release|Any CPU.ActiveCfg = Release|Any CPU
		{63127CA8-DE77-4388-8401-8A084C28DF2E}.Release|Any CPU.Build.0 = Release|Any CPU
	EndGlobalSection
	GlobalSection(SolutionProperties) = preSolution
		HideSolutionNode = FALSE
	EndGlobalSection
	GlobalSection(ExtensibilityGlobals) = postSolution
		SolutionGuid = {8B27EF89-B2ED-4D2C-AF9D-F8402445515B}
	EndGlobalSection
EndGlobal
