
Microsoft Visual Studio Solution File, Format Version 12.00
# Visual Studio Version 16
VisualStudioVersion = 16.0.31402.337
MinimumVisualStudioVersion = 10.0.40219.1
Project("{FAE04EC0-301F-11D3-BF4B-00C04F79EFBC}") = "ecommerce1", "ecommerce1\ecommerce1.csproj", "{BBC186A3-043C-4AE7-8080-4A9625092EC8}"
EndProject
Global
	GlobalSection(SolutionConfigurationPlatforms) = preSolution
		Debug|Any CPU = Debug|Any CPU
		Release|Any CPU = Release|Any CPU
	EndGlobalSection
	GlobalSection(ProjectConfigurationPlatforms) = postSolution
		{BBC186A3-043C-4AE7-8080-4A9625092EC8}.Debug|Any CPU.ActiveCfg = Debug|Any CPU
		{BBC186A3-043C-4AE7-8080-4A9625092EC8}.Debug|Any CPU.Build.0 = Debug|Any CPU
		{BBC186A3-043C-4AE7-8080-4A9625092EC8}.Release|Any CPU.ActiveCfg = Release|Any CPU
		{BBC186A3-043C-4AE7-8080-4A9625092EC8}.Release|Any CPU.Build.0 = Release|Any CPU
	EndGlobalSection
	GlobalSection(SolutionProperties) = preSolution
		HideSolutionNode = FALSE
	EndGlobalSection
	GlobalSection(ExtensibilityGlobals) = postSolution
		SolutionGuid = {00B48033-D1DA-45B8-977B-0AF674D2A30C}
	EndGlobalSection
EndGlobal
